
Microsoft Visual Studio Solution File, Format Version 12.00
# Visual Studio Version 17
VisualStudioVersion = 17.7.34221.43
MinimumVisualStudioVersion = 10.0.40219.1
Project("{FAE04EC0-301F-11D3-BF4B-00C04F79EFBC}") = "ConsoleExpression", "ConsoleExpression\ConsoleExpression.csproj", "{5F3C0BF2-3AB0-485F-B657-C3B4F90A4AF5}"
EndProject
Project("{FAE04EC0-301F-11D3-BF4B-00C04F79EFBC}") = "CL_Expression", "CL_Expression\CL_Expression.csproj", "{BD91B0EA-E165-483A-8B74-FAE76AAB2BE6}"
EndProject
Global
	GlobalSection(SolutionConfigurationPlatforms) = preSolution
		Debug|Any CPU = Debug|Any CPU
		Release|Any CPU = Release|Any CPU
	EndGlobalSection
	GlobalSection(ProjectConfigurationPlatforms) = postSolution
		{5F3C0BF2-3AB0-485F-B657-C3B4F90A4AF5}.Debug|Any CPU.ActiveCfg = Debug|Any CPU
		{5F3C0BF2-3AB0-485F-B657-C3B4F90A4AF5}.Debug|Any CPU.Build.0 = Debug|Any CPU
		{5F3C0BF2-3AB0-485F-B657-C3B4F90A4AF5}.Release|Any CPU.ActiveCfg = Release|Any CPU
		{5F3C0BF2-3AB0-485F-B657-C3B4F90A4AF5}.Release|Any CPU.Build.0 = Release|Any CPU
		{BD91B0EA-E165-483A-8B74-FAE76AAB2BE6}.Debug|Any CPU.ActiveCfg = Debug|Any CPU
		{BD91B0EA-E165-483A-8B74-FAE76AAB2BE6}.Debug|Any CPU.Build.0 = Debug|Any CPU
		{BD91B0EA-E165-483A-8B74-FAE76AAB2BE6}.Release|Any CPU.ActiveCfg = Release|Any CPU
		{BD91B0EA-E165-483A-8B74-FAE76AAB2BE6}.Release|Any CPU.Build.0 = Release|Any CPU
	EndGlobalSection
	GlobalSection(SolutionProperties) = preSolution
		HideSolutionNode = FALSE
	EndGlobalSection
	GlobalSection(ExtensibilityGlobals) = postSolution
		SolutionGuid = {129939D7-11E5-435F-B870-CB51B761623D}
	EndGlobalSection
EndGlobal
