
Microsoft Visual Studio Solution File, Format Version 12.00
# Visual Studio Version 17
VisualStudioVersion = 17.7.34221.43
MinimumVisualStudioVersion = 10.0.40219.1
Project("{9A19103F-16F7-4668-BE54-9A1E7A4F7556}") = "CL_GeometricShape", "CL_GeometricShape\CL_GeometricShape.csproj", "{44E613CC-9680-4254-9757-4ED10FAA9C4C}"
EndProject
Project("{9A19103F-16F7-4668-BE54-9A1E7A4F7556}") = "ConsoleGeometricShape", "ConsoleGeometricShape\ConsoleGeometricShape.csproj", "{159ED58B-8154-483E-94CB-0ABBCD8601C5}"
EndProject
Project("{FAE04EC0-301F-11D3-BF4B-00C04F79EFBC}") = "CL_VisitorConsole", "CL_VisitorConsole\CL_VisitorConsole.csproj", "{3B8724E3-DD95-4071-8869-A62A171107A3}"
EndProject
Global
	GlobalSection(SolutionConfigurationPlatforms) = preSolution
		Debug|Any CPU = Debug|Any CPU
		Release|Any CPU = Release|Any CPU
	EndGlobalSection
	GlobalSection(ProjectConfigurationPlatforms) = postSolution
		{44E613CC-9680-4254-9757-4ED10FAA9C4C}.Debug|Any CPU.ActiveCfg = Debug|Any CPU
		{44E613CC-9680-4254-9757-4ED10FAA9C4C}.Debug|Any CPU.Build.0 = Debug|Any CPU
		{44E613CC-9680-4254-9757-4ED10FAA9C4C}.Release|Any CPU.ActiveCfg = Release|Any CPU
		{44E613CC-9680-4254-9757-4ED10FAA9C4C}.Release|Any CPU.Build.0 = Release|Any CPU
		{159ED58B-8154-483E-94CB-0ABBCD8601C5}.Debug|Any CPU.ActiveCfg = Debug|Any CPU
		{159ED58B-8154-483E-94CB-0ABBCD8601C5}.Debug|Any CPU.Build.0 = Debug|Any CPU
		{159ED58B-8154-483E-94CB-0ABBCD8601C5}.Release|Any CPU.ActiveCfg = Release|Any CPU
		{159ED58B-8154-483E-94CB-0ABBCD8601C5}.Release|Any CPU.Build.0 = Release|Any CPU
		{3B8724E3-DD95-4071-8869-A62A171107A3}.Debug|Any CPU.ActiveCfg = Debug|Any CPU
		{3B8724E3-DD95-4071-8869-A62A171107A3}.Debug|Any CPU.Build.0 = Debug|Any CPU
		{3B8724E3-DD95-4071-8869-A62A171107A3}.Release|Any CPU.ActiveCfg = Release|Any CPU
		{3B8724E3-DD95-4071-8869-A62A171107A3}.Release|Any CPU.Build.0 = Release|Any CPU
	EndGlobalSection
	GlobalSection(SolutionProperties) = preSolution
		HideSolutionNode = FALSE
	EndGlobalSection
	GlobalSection(ExtensibilityGlobals) = postSolution
		SolutionGuid = {1078C905-C5DB-42A0-99B0-1F90874618FF}
	EndGlobalSection
EndGlobal
