
Microsoft Visual Studio Solution File, Format Version 12.00
# Visual Studio Version 17
VisualStudioVersion = 17.3.32929.385
MinimumVisualStudioVersion = 10.0.40219.1
Project("{FAE04EC0-301F-11D3-BF4B-00C04F79EFBC}") = "Pj_Bouteille", "Pj_Bouteille\Pj_Bouteille.csproj", "{ED3C2B09-7285-4D1D-9EC5-5AD774E74BB6}"
EndProject
Project("{FAE04EC0-301F-11D3-BF4B-00C04F79EFBC}") = "CL_Bouteille", "CL_Bouteille\CL_Bouteille.csproj", "{EE2C6259-12C2-47AB-A004-7383A1E3A6DE}"
EndProject
Global
	GlobalSection(SolutionConfigurationPlatforms) = preSolution
		Debug|Any CPU = Debug|Any CPU
		Release|Any CPU = Release|Any CPU
	EndGlobalSection
	GlobalSection(ProjectConfigurationPlatforms) = postSolution
		{ED3C2B09-7285-4D1D-9EC5-5AD774E74BB6}.Debug|Any CPU.ActiveCfg = Debug|Any CPU
		{ED3C2B09-7285-4D1D-9EC5-5AD774E74BB6}.Debug|Any CPU.Build.0 = Debug|Any CPU
		{ED3C2B09-7285-4D1D-9EC5-5AD774E74BB6}.Release|Any CPU.ActiveCfg = Release|Any CPU
		{ED3C2B09-7285-4D1D-9EC5-5AD774E74BB6}.Release|Any CPU.Build.0 = Release|Any CPU
		{EE2C6259-12C2-47AB-A004-7383A1E3A6DE}.Debug|Any CPU.ActiveCfg = Debug|Any CPU
		{EE2C6259-12C2-47AB-A004-7383A1E3A6DE}.Debug|Any CPU.Build.0 = Debug|Any CPU
		{EE2C6259-12C2-47AB-A004-7383A1E3A6DE}.Release|Any CPU.ActiveCfg = Release|Any CPU
		{EE2C6259-12C2-47AB-A004-7383A1E3A6DE}.Release|Any CPU.Build.0 = Release|Any CPU
	EndGlobalSection
	GlobalSection(SolutionProperties) = preSolution
		HideSolutionNode = FALSE
	EndGlobalSection
	GlobalSection(ExtensibilityGlobals) = postSolution
		SolutionGuid = {EDA5587B-1295-45E2-94D8-3510377C089F}
	EndGlobalSection
EndGlobal
