
Microsoft Visual Studio Solution File, Format Version 12.00
# Visual Studio Version 17
VisualStudioVersion = 17.3.32929.385
MinimumVisualStudioVersion = 10.0.40219.1
Project("{FAE04EC0-301F-11D3-BF4B-00C04F79EFBC}") = "Pj_Point", "Pj_Point\Pj_Point.csproj", "{788DC2EB-4788-4BF9-990E-40A599B6F3E8}"
EndProject
Project("{FAE04EC0-301F-11D3-BF4B-00C04F79EFBC}") = "CL_Point", "CL_Point\CL_Point.csproj", "{6CBA05F5-B9EA-4EE2-9605-68ECBE9D7C72}"
EndProject
Global
	GlobalSection(SolutionConfigurationPlatforms) = preSolution
		Debug|Any CPU = Debug|Any CPU
		Release|Any CPU = Release|Any CPU
	EndGlobalSection
	GlobalSection(ProjectConfigurationPlatforms) = postSolution
		{788DC2EB-4788-4BF9-990E-40A599B6F3E8}.Debug|Any CPU.ActiveCfg = Debug|Any CPU
		{788DC2EB-4788-4BF9-990E-40A599B6F3E8}.Debug|Any CPU.Build.0 = Debug|Any CPU
		{788DC2EB-4788-4BF9-990E-40A599B6F3E8}.Release|Any CPU.ActiveCfg = Release|Any CPU
		{788DC2EB-4788-4BF9-990E-40A599B6F3E8}.Release|Any CPU.Build.0 = Release|Any CPU
		{6CBA05F5-B9EA-4EE2-9605-68ECBE9D7C72}.Debug|Any CPU.ActiveCfg = Debug|Any CPU
		{6CBA05F5-B9EA-4EE2-9605-68ECBE9D7C72}.Debug|Any CPU.Build.0 = Debug|Any CPU
		{6CBA05F5-B9EA-4EE2-9605-68ECBE9D7C72}.Release|Any CPU.ActiveCfg = Release|Any CPU
		{6CBA05F5-B9EA-4EE2-9605-68ECBE9D7C72}.Release|Any CPU.Build.0 = Release|Any CPU
	EndGlobalSection
	GlobalSection(SolutionProperties) = preSolution
		HideSolutionNode = FALSE
	EndGlobalSection
	GlobalSection(ExtensibilityGlobals) = postSolution
		SolutionGuid = {6B31F077-CC7C-40B4-A586-8506D5923C6C}
	EndGlobalSection
EndGlobal
