
Microsoft Visual Studio Solution File, Format Version 12.00
# Visual Studio Version 17
VisualStudioVersion = 17.7.34221.43
MinimumVisualStudioVersion = 10.0.40219.1
Project("{9A19103F-16F7-4668-BE54-9A1E7A4F7556}") = "ProjetTransactions", "ProjetTransactions\ProjetTransactions.csproj", "{431445CB-8486-4E79-91CC-6D7D820F1B3B}"
EndProject
Project("{9A19103F-16F7-4668-BE54-9A1E7A4F7556}") = "CL_Transaction", "CL_Transaction\CL_Transaction.csproj", "{3B5358D6-430A-42E6-A9EB-415B92473EA1}"
EndProject
Project("{9A19103F-16F7-4668-BE54-9A1E7A4F7556}") = "CL_Verifier", "CL_Verifier\CL_Verifier.csproj", "{A7DEDD70-6CD9-4620-A567-0F5589786845}"
EndProject
Project("{FAE04EC0-301F-11D3-BF4B-00C04F79EFBC}") = "CL_Serializer", "CL_Serializer\CL_Serializer.csproj", "{A844242F-1A70-4DA5-9D7B-FD7C26B681E0}"
EndProject
Global
	GlobalSection(SolutionConfigurationPlatforms) = preSolution
		Debug|Any CPU = Debug|Any CPU
		Release|Any CPU = Release|Any CPU
	EndGlobalSection
	GlobalSection(ProjectConfigurationPlatforms) = postSolution
		{431445CB-8486-4E79-91CC-6D7D820F1B3B}.Debug|Any CPU.ActiveCfg = Debug|Any CPU
		{431445CB-8486-4E79-91CC-6D7D820F1B3B}.Debug|Any CPU.Build.0 = Debug|Any CPU
		{431445CB-8486-4E79-91CC-6D7D820F1B3B}.Release|Any CPU.ActiveCfg = Release|Any CPU
		{431445CB-8486-4E79-91CC-6D7D820F1B3B}.Release|Any CPU.Build.0 = Release|Any CPU
		{3B5358D6-430A-42E6-A9EB-415B92473EA1}.Debug|Any CPU.ActiveCfg = Debug|Any CPU
		{3B5358D6-430A-42E6-A9EB-415B92473EA1}.Debug|Any CPU.Build.0 = Debug|Any CPU
		{3B5358D6-430A-42E6-A9EB-415B92473EA1}.Release|Any CPU.ActiveCfg = Release|Any CPU
		{3B5358D6-430A-42E6-A9EB-415B92473EA1}.Release|Any CPU.Build.0 = Release|Any CPU
		{A7DEDD70-6CD9-4620-A567-0F5589786845}.Debug|Any CPU.ActiveCfg = Debug|Any CPU
		{A7DEDD70-6CD9-4620-A567-0F5589786845}.Debug|Any CPU.Build.0 = Debug|Any CPU
		{A7DEDD70-6CD9-4620-A567-0F5589786845}.Release|Any CPU.ActiveCfg = Release|Any CPU
		{A7DEDD70-6CD9-4620-A567-0F5589786845}.Release|Any CPU.Build.0 = Release|Any CPU
		{A844242F-1A70-4DA5-9D7B-FD7C26B681E0}.Debug|Any CPU.ActiveCfg = Debug|Any CPU
		{A844242F-1A70-4DA5-9D7B-FD7C26B681E0}.Debug|Any CPU.Build.0 = Debug|Any CPU
		{A844242F-1A70-4DA5-9D7B-FD7C26B681E0}.Release|Any CPU.ActiveCfg = Release|Any CPU
		{A844242F-1A70-4DA5-9D7B-FD7C26B681E0}.Release|Any CPU.Build.0 = Release|Any CPU
	EndGlobalSection
	GlobalSection(SolutionProperties) = preSolution
		HideSolutionNode = FALSE
	EndGlobalSection
	GlobalSection(ExtensibilityGlobals) = postSolution
		SolutionGuid = {556D12AC-E212-4BBA-B994-0F140C35EB60}
	EndGlobalSection
EndGlobal
