
Microsoft Visual Studio Solution File, Format Version 12.00
# Visual Studio Version 17
VisualStudioVersion = 17.5.33530.505
MinimumVisualStudioVersion = 10.0.40219.1
Project("{9A19103F-16F7-4668-BE54-9A1E7A4F7556}") = "ex_5_1_Parfaits", "ex_5_1_Parfaits\ex_5_1_Parfaits.csproj", "{6A9C0A5C-500F-4787-88D8-8C68A1868243}"
EndProject
Project("{9A19103F-16F7-4668-BE54-9A1E7A4F7556}") = "ex_5_2_Conversion_distance", "ex_5_2_Conversion\ex_5_2_Conversion_distance.csproj", "{09B2FA2D-9CE0-46EA-BCED-4A740902E002}"
EndProject
Project("{9A19103F-16F7-4668-BE54-9A1E7A4F7556}") = "ex_5_3_Conversion_temperature", "ex_5_3_Conversion_temperature\ex_5_3_Conversion_temperature.csproj", "{DD2EDD9D-722E-4A93-87C6-58B05202790F}"
EndProject
Global
	GlobalSection(SolutionConfigurationPlatforms) = preSolution
		Debug|Any CPU = Debug|Any CPU
		Release|Any CPU = Release|Any CPU
	EndGlobalSection
	GlobalSection(ProjectConfigurationPlatforms) = postSolution
		{6A9C0A5C-500F-4787-88D8-8C68A1868243}.Debug|Any CPU.ActiveCfg = Debug|Any CPU
		{6A9C0A5C-500F-4787-88D8-8C68A1868243}.Debug|Any CPU.Build.0 = Debug|Any CPU
		{6A9C0A5C-500F-4787-88D8-8C68A1868243}.Release|Any CPU.ActiveCfg = Release|Any CPU
		{6A9C0A5C-500F-4787-88D8-8C68A1868243}.Release|Any CPU.Build.0 = Release|Any CPU
		{09B2FA2D-9CE0-46EA-BCED-4A740902E002}.Debug|Any CPU.ActiveCfg = Debug|Any CPU
		{09B2FA2D-9CE0-46EA-BCED-4A740902E002}.Debug|Any CPU.Build.0 = Debug|Any CPU
		{09B2FA2D-9CE0-46EA-BCED-4A740902E002}.Release|Any CPU.ActiveCfg = Release|Any CPU
		{09B2FA2D-9CE0-46EA-BCED-4A740902E002}.Release|Any CPU.Build.0 = Release|Any CPU
		{DD2EDD9D-722E-4A93-87C6-58B05202790F}.Debug|Any CPU.ActiveCfg = Debug|Any CPU
		{DD2EDD9D-722E-4A93-87C6-58B05202790F}.Debug|Any CPU.Build.0 = Debug|Any CPU
		{DD2EDD9D-722E-4A93-87C6-58B05202790F}.Release|Any CPU.ActiveCfg = Release|Any CPU
		{DD2EDD9D-722E-4A93-87C6-58B05202790F}.Release|Any CPU.Build.0 = Release|Any CPU
	EndGlobalSection
	GlobalSection(SolutionProperties) = preSolution
		HideSolutionNode = FALSE
	EndGlobalSection
	GlobalSection(ExtensibilityGlobals) = postSolution
		SolutionGuid = {589C6E35-B461-4C25-B7BF-BCE64BB889E6}
	EndGlobalSection
EndGlobal
