
Microsoft Visual Studio Solution File, Format Version 12.00
# Visual Studio Version 17
VisualStudioVersion = 17.3.32929.385
MinimumVisualStudioVersion = 10.0.40219.1
Project("{FAE04EC0-301F-11D3-BF4B-00C04F79EFBC}") = "Pj_JeuDeLaGuerre", "Pj_JeuDeLaGuerre\Pj_JeuDeLaGuerre.csproj", "{A2728BDC-14B4-48F0-92E1-E60BAEB7C61E}"
EndProject
Project("{FAE04EC0-301F-11D3-BF4B-00C04F79EFBC}") = "CL_JeuDeLaGuerre", "CL_JeuDeLaGuerre\CL_JeuDeLaGuerre.csproj", "{8FA862EA-E724-4B3F-A221-A643B6B377B8}"
EndProject
Global
	GlobalSection(SolutionConfigurationPlatforms) = preSolution
		Debug|Any CPU = Debug|Any CPU
		Release|Any CPU = Release|Any CPU
	EndGlobalSection
	GlobalSection(ProjectConfigurationPlatforms) = postSolution
		{A2728BDC-14B4-48F0-92E1-E60BAEB7C61E}.Debug|Any CPU.ActiveCfg = Debug|Any CPU
		{A2728BDC-14B4-48F0-92E1-E60BAEB7C61E}.Debug|Any CPU.Build.0 = Debug|Any CPU
		{A2728BDC-14B4-48F0-92E1-E60BAEB7C61E}.Release|Any CPU.ActiveCfg = Release|Any CPU
		{A2728BDC-14B4-48F0-92E1-E60BAEB7C61E}.Release|Any CPU.Build.0 = Release|Any CPU
		{8FA862EA-E724-4B3F-A221-A643B6B377B8}.Debug|Any CPU.ActiveCfg = Debug|Any CPU
		{8FA862EA-E724-4B3F-A221-A643B6B377B8}.Debug|Any CPU.Build.0 = Debug|Any CPU
		{8FA862EA-E724-4B3F-A221-A643B6B377B8}.Release|Any CPU.ActiveCfg = Release|Any CPU
		{8FA862EA-E724-4B3F-A221-A643B6B377B8}.Release|Any CPU.Build.0 = Release|Any CPU
	EndGlobalSection
	GlobalSection(SolutionProperties) = preSolution
		HideSolutionNode = FALSE
	EndGlobalSection
	GlobalSection(ExtensibilityGlobals) = postSolution
		SolutionGuid = {EEE3D1C8-F2E1-42E5-8A34-F3AE5EA4EBA6}
	EndGlobalSection
EndGlobal
