
Microsoft Visual Studio Solution File, Format Version 12.00
# Visual Studio Version 17
VisualStudioVersion = 17.3.32929.385
MinimumVisualStudioVersion = 10.0.40219.1
Project("{FAE04EC0-301F-11D3-BF4B-00C04F79EFBC}") = "Pj_Fraction", "Pj_Fraction\Pj_Fraction.csproj", "{38D4B290-5793-4FB3-8216-A86D710F305D}"
EndProject
Project("{FAE04EC0-301F-11D3-BF4B-00C04F79EFBC}") = "CL_Fraction", "CL_Fraction\CL_Fraction.csproj", "{2F38184F-4ECF-4467-A56A-CC19AA10137F}"
EndProject
Global
	GlobalSection(SolutionConfigurationPlatforms) = preSolution
		Debug|Any CPU = Debug|Any CPU
		Release|Any CPU = Release|Any CPU
	EndGlobalSection
	GlobalSection(ProjectConfigurationPlatforms) = postSolution
		{38D4B290-5793-4FB3-8216-A86D710F305D}.Debug|Any CPU.ActiveCfg = Debug|Any CPU
		{38D4B290-5793-4FB3-8216-A86D710F305D}.Debug|Any CPU.Build.0 = Debug|Any CPU
		{38D4B290-5793-4FB3-8216-A86D710F305D}.Release|Any CPU.ActiveCfg = Release|Any CPU
		{38D4B290-5793-4FB3-8216-A86D710F305D}.Release|Any CPU.Build.0 = Release|Any CPU
		{2F38184F-4ECF-4467-A56A-CC19AA10137F}.Debug|Any CPU.ActiveCfg = Debug|Any CPU
		{2F38184F-4ECF-4467-A56A-CC19AA10137F}.Debug|Any CPU.Build.0 = Debug|Any CPU
		{2F38184F-4ECF-4467-A56A-CC19AA10137F}.Release|Any CPU.ActiveCfg = Release|Any CPU
		{2F38184F-4ECF-4467-A56A-CC19AA10137F}.Release|Any CPU.Build.0 = Release|Any CPU
	EndGlobalSection
	GlobalSection(SolutionProperties) = preSolution
		HideSolutionNode = FALSE
	EndGlobalSection
	GlobalSection(ExtensibilityGlobals) = postSolution
		SolutionGuid = {AF80CAD3-307C-4A40-BACC-7BBFB591AED1}
	EndGlobalSection
EndGlobal
