
Microsoft Visual Studio Solution File, Format Version 12.00
# Visual Studio Version 17
VisualStudioVersion = 17.3.32929.385
MinimumVisualStudioVersion = 10.0.40219.1
Project("{9A19103F-16F7-4668-BE54-9A1E7A4F7556}") = "ex_1_2_Hello_You", "ex_1_2_Hello_You\ex_1_2_Hello_You.csproj", "{547DD32E-39AD-4642-AC1C-AE07C2E1F85A}"
EndProject
Project("{9A19103F-16F7-4668-BE54-9A1E7A4F7556}") = "ex_1_3_Moyenne_de_2_nombres", "ex_1_3_Moyenne_de_2_nombres\ex_1_3_Moyenne_de_2_nombres.csproj", "{8E29F721-17CE-4A76-A14A-2FAFD283B572}"
EndProject
Project("{9A19103F-16F7-4668-BE54-9A1E7A4F7556}") = "ex_1_4_Aire_et_Volume", "ex_1_4_Aire_et_Volume\ex_1_4_Aire_et_Volume.csproj", "{37D3C0FC-FBDD-4551-ACA5-C20DD05BF87B}"
EndProject
Project("{9A19103F-16F7-4668-BE54-9A1E7A4F7556}") = "ex_1_5_Secteur_circulaire", "ex_1_5_Secteur_circulaire\ex_1_5_Secteur_circulaire.csproj", "{8B5BAED3-98B8-4209-97DB-9F85824AC182}"
EndProject
Project("{9A19103F-16F7-4668-BE54-9A1E7A4F7556}") = "ex_1_6_Inversion_2_valeurs", "ex_1_6_Inversion_2_valeurs\ex_1_6_Inversion_2_valeurs.csproj", "{3D62F3F2-71F3-42E4-A929-7CCC53951863}"
EndProject
Project("{9A19103F-16F7-4668-BE54-9A1E7A4F7556}") = "ex_2_1_Tri_nombres", "ex_2_1_Tri_nombres\ex_2_1_Tri_nombres.csproj", "{73CF94DC-3BA3-463D-890E-06E8659EA47E}"
EndProject
Project("{9A19103F-16F7-4668-BE54-9A1E7A4F7556}") = "ex_2_2_Es_tu_majeur", "ex_2_2_Es_tu_majeur\ex_2_2_Es_tu_majeur.csproj", "{8B6CEC91-3075-4F8C-917B-389DD4BF40A3}"
EndProject
Project("{9A19103F-16F7-4668-BE54-9A1E7A4F7556}") = "ex_2_3_Ma_retraite", "ex_2_3_Ma_retraite\ex_2_3_Ma_retraite.csproj", "{FEE9BDFC-58D7-42B4-9611-CA89E002D455}"
EndProject
Project("{9A19103F-16F7-4668-BE54-9A1E7A4F7556}") = "ex_2_4_Tri_nombres_pp", "ex_2_4_Tri_nombres_pp\ex_2_4_Tri_nombres_pp.csproj", "{76547A7F-9C59-48A3-9B79-FFBF2B7EB7D5}"
EndProject
Project("{9A19103F-16F7-4668-BE54-9A1E7A4F7556}") = "ex_2_5_Ma_bicyclette", "ex_2_5_Ma_bicyclette\ex_2_5_Ma_bicyclette.csproj", "{8A6C4199-8541-4712-BBBA-03E17F84DA62}"
EndProject
Project("{9A19103F-16F7-4668-BE54-9A1E7A4F7556}") = "ex_3_1_Controler_saisie", "ex_3_1_Controler_saisie\ex_3_1_Controler_saisie.csproj", "{73F028EB-08F0-4B5E-A6C4-DC70C1160EFC}"
EndProject
Project("{9A19103F-16F7-4668-BE54-9A1E7A4F7556}") = "ex_3_2_Controler_saisie_limite", "ex_3_2_Controler_saisie_limite\ex_3_2_Controler_saisie_limite.csproj", "{CB50D1AA-A68E-475E-9503-83E847388F2A}"
EndProject
Project("{9A19103F-16F7-4668-BE54-9A1E7A4F7556}") = "ex_3_3_Intervalle_2_nombres", "ex_3_3_Intervalle_2_nombres\ex_3_3_Intervalle_2_nombres.csproj", "{E28AC2D1-171D-4462-9509-E95BADA3B2AE}"
EndProject
Project("{9A19103F-16F7-4668-BE54-9A1E7A4F7556}") = "ex_3_4_Diviseurs", "ex_3_4_Diviseurs\ex_3_4_Diviseurs.csproj", "{2E2FE6F9-B85C-4F84-8217-7A5A8E4529D4}"
EndProject
Project("{9A19103F-16F7-4668-BE54-9A1E7A4F7556}") = "ex_3_5_Nombre_premier", "ex_3_5_Nombre_premier\ex_3_5_Nombre_premier.csproj", "{653B10FA-28D6-431A-A047-811C47C4BC97}"
EndProject
Project("{9A19103F-16F7-4668-BE54-9A1E7A4F7556}") = "ex_3_6_Fourchette", "ex_3_6_Fourchette\ex_3_6_Fourchette.csproj", "{E6AB6A59-B2C4-4E1A-AD78-BB29BDF6AD35}"
EndProject
Project("{9A19103F-16F7-4668-BE54-9A1E7A4F7556}") = "ex_3_7_Barnabe", "ex_3_7_Barnabé\ex_3_7_Barnabe.csproj", "{96A529A0-45F8-4307-AFDC-8A9AA326BC67}"
EndProject
Project("{9A19103F-16F7-4668-BE54-9A1E7A4F7556}") = "ex_4_1_Recherche_nombre_tableau", "ex_4_1_Recherche_nombre_tableau\ex_4_1_Recherche_nombre_tableau.csproj", "{604D762B-0173-489F-960C-AE03D72FBC86}"
EndProject
Project("{9A19103F-16F7-4668-BE54-9A1E7A4F7556}") = "ex_4_2_Recherche_lettre_phrase", "ex_4_2_Recherche_lettre_phrase\ex_4_2_Recherche_lettre_phrase.csproj", "{80FC08FB-7633-48B3-9463-2AD8653E00E8}"
EndProject
Project("{9A19103F-16F7-4668-BE54-9A1E7A4F7556}") = "ex_4_3_Alphabet", "ex_4_3_Alphabet\ex_4_3_Alphabet.csproj", "{26BCF9C1-DBA0-422F-A924-5765D0AA094C}"
EndProject
Project("{9A19103F-16F7-4668-BE54-9A1E7A4F7556}") = "ex_4_4_Tri_tableau", "ex_4_4_Tri_tableau\ex_4_4_Tri_tableau.csproj", "{9FAC6DE5-AE3C-4042-9199-48EAE0971FDF}"
EndProject
Project("{9A19103F-16F7-4668-BE54-9A1E7A4F7556}") = "ex_4_5_Palindrome", "ex_4_5_Palindrome\ex_4_5_Palindrome.csproj", "{69F02610-6930-4D02-8102-2C9A27EA0234}"
EndProject
Project("{9A19103F-16F7-4668-BE54-9A1E7A4F7556}") = "ex_5_1_Parfaits", "ex_5_1_Parfaits\ex_5_1_Parfaits.csproj", "{2CCA098F-5FB5-4F74-8123-3012066AD01C}"
EndProject
Project("{9A19103F-16F7-4668-BE54-9A1E7A4F7556}") = "ex_5_2_Conversion_distance", "ex_5_2_Conversion\ex_5_2_Conversion_distance.csproj", "{51183138-3F58-4426-9298-06841CCB2B42}"
EndProject
Project("{FAE04EC0-301F-11D3-BF4B-00C04F79EFBC}") = "ex_5_3_Conversion_temperature", "ex_5_3_Conversion_temperature\ex_5_3_Conversion_temperature.csproj", "{9614C50C-AE69-40CD-88C7-D88885B48251}"
EndProject
Global
	GlobalSection(SolutionConfigurationPlatforms) = preSolution
		Debug|Any CPU = Debug|Any CPU
		Release|Any CPU = Release|Any CPU
	EndGlobalSection
	GlobalSection(ProjectConfigurationPlatforms) = postSolution
		{547DD32E-39AD-4642-AC1C-AE07C2E1F85A}.Debug|Any CPU.ActiveCfg = Debug|Any CPU
		{547DD32E-39AD-4642-AC1C-AE07C2E1F85A}.Debug|Any CPU.Build.0 = Debug|Any CPU
		{547DD32E-39AD-4642-AC1C-AE07C2E1F85A}.Release|Any CPU.ActiveCfg = Release|Any CPU
		{547DD32E-39AD-4642-AC1C-AE07C2E1F85A}.Release|Any CPU.Build.0 = Release|Any CPU
		{8E29F721-17CE-4A76-A14A-2FAFD283B572}.Debug|Any CPU.ActiveCfg = Debug|Any CPU
		{8E29F721-17CE-4A76-A14A-2FAFD283B572}.Debug|Any CPU.Build.0 = Debug|Any CPU
		{8E29F721-17CE-4A76-A14A-2FAFD283B572}.Release|Any CPU.ActiveCfg = Release|Any CPU
		{8E29F721-17CE-4A76-A14A-2FAFD283B572}.Release|Any CPU.Build.0 = Release|Any CPU
		{37D3C0FC-FBDD-4551-ACA5-C20DD05BF87B}.Debug|Any CPU.ActiveCfg = Debug|Any CPU
		{37D3C0FC-FBDD-4551-ACA5-C20DD05BF87B}.Debug|Any CPU.Build.0 = Debug|Any CPU
		{37D3C0FC-FBDD-4551-ACA5-C20DD05BF87B}.Release|Any CPU.ActiveCfg = Release|Any CPU
		{37D3C0FC-FBDD-4551-ACA5-C20DD05BF87B}.Release|Any CPU.Build.0 = Release|Any CPU
		{8B5BAED3-98B8-4209-97DB-9F85824AC182}.Debug|Any CPU.ActiveCfg = Debug|Any CPU
		{8B5BAED3-98B8-4209-97DB-9F85824AC182}.Debug|Any CPU.Build.0 = Debug|Any CPU
		{8B5BAED3-98B8-4209-97DB-9F85824AC182}.Release|Any CPU.ActiveCfg = Release|Any CPU
		{8B5BAED3-98B8-4209-97DB-9F85824AC182}.Release|Any CPU.Build.0 = Release|Any CPU
		{3D62F3F2-71F3-42E4-A929-7CCC53951863}.Debug|Any CPU.ActiveCfg = Debug|Any CPU
		{3D62F3F2-71F3-42E4-A929-7CCC53951863}.Debug|Any CPU.Build.0 = Debug|Any CPU
		{3D62F3F2-71F3-42E4-A929-7CCC53951863}.Release|Any CPU.ActiveCfg = Release|Any CPU
		{3D62F3F2-71F3-42E4-A929-7CCC53951863}.Release|Any CPU.Build.0 = Release|Any CPU
		{73CF94DC-3BA3-463D-890E-06E8659EA47E}.Debug|Any CPU.ActiveCfg = Debug|Any CPU
		{73CF94DC-3BA3-463D-890E-06E8659EA47E}.Debug|Any CPU.Build.0 = Debug|Any CPU
		{73CF94DC-3BA3-463D-890E-06E8659EA47E}.Release|Any CPU.ActiveCfg = Release|Any CPU
		{73CF94DC-3BA3-463D-890E-06E8659EA47E}.Release|Any CPU.Build.0 = Release|Any CPU
		{8B6CEC91-3075-4F8C-917B-389DD4BF40A3}.Debug|Any CPU.ActiveCfg = Debug|Any CPU
		{8B6CEC91-3075-4F8C-917B-389DD4BF40A3}.Debug|Any CPU.Build.0 = Debug|Any CPU
		{8B6CEC91-3075-4F8C-917B-389DD4BF40A3}.Release|Any CPU.ActiveCfg = Release|Any CPU
		{8B6CEC91-3075-4F8C-917B-389DD4BF40A3}.Release|Any CPU.Build.0 = Release|Any CPU
		{FEE9BDFC-58D7-42B4-9611-CA89E002D455}.Debug|Any CPU.ActiveCfg = Debug|Any CPU
		{FEE9BDFC-58D7-42B4-9611-CA89E002D455}.Debug|Any CPU.Build.0 = Debug|Any CPU
		{FEE9BDFC-58D7-42B4-9611-CA89E002D455}.Release|Any CPU.ActiveCfg = Release|Any CPU
		{FEE9BDFC-58D7-42B4-9611-CA89E002D455}.Release|Any CPU.Build.0 = Release|Any CPU
		{76547A7F-9C59-48A3-9B79-FFBF2B7EB7D5}.Debug|Any CPU.ActiveCfg = Debug|Any CPU
		{76547A7F-9C59-48A3-9B79-FFBF2B7EB7D5}.Debug|Any CPU.Build.0 = Debug|Any CPU
		{76547A7F-9C59-48A3-9B79-FFBF2B7EB7D5}.Release|Any CPU.ActiveCfg = Release|Any CPU
		{76547A7F-9C59-48A3-9B79-FFBF2B7EB7D5}.Release|Any CPU.Build.0 = Release|Any CPU
		{8A6C4199-8541-4712-BBBA-03E17F84DA62}.Debug|Any CPU.ActiveCfg = Debug|Any CPU
		{8A6C4199-8541-4712-BBBA-03E17F84DA62}.Debug|Any CPU.Build.0 = Debug|Any CPU
		{8A6C4199-8541-4712-BBBA-03E17F84DA62}.Release|Any CPU.ActiveCfg = Release|Any CPU
		{8A6C4199-8541-4712-BBBA-03E17F84DA62}.Release|Any CPU.Build.0 = Release|Any CPU
		{73F028EB-08F0-4B5E-A6C4-DC70C1160EFC}.Debug|Any CPU.ActiveCfg = Debug|Any CPU
		{73F028EB-08F0-4B5E-A6C4-DC70C1160EFC}.Debug|Any CPU.Build.0 = Debug|Any CPU
		{73F028EB-08F0-4B5E-A6C4-DC70C1160EFC}.Release|Any CPU.ActiveCfg = Release|Any CPU
		{73F028EB-08F0-4B5E-A6C4-DC70C1160EFC}.Release|Any CPU.Build.0 = Release|Any CPU
		{CB50D1AA-A68E-475E-9503-83E847388F2A}.Debug|Any CPU.ActiveCfg = Debug|Any CPU
		{CB50D1AA-A68E-475E-9503-83E847388F2A}.Debug|Any CPU.Build.0 = Debug|Any CPU
		{CB50D1AA-A68E-475E-9503-83E847388F2A}.Release|Any CPU.ActiveCfg = Release|Any CPU
		{CB50D1AA-A68E-475E-9503-83E847388F2A}.Release|Any CPU.Build.0 = Release|Any CPU
		{E28AC2D1-171D-4462-9509-E95BADA3B2AE}.Debug|Any CPU.ActiveCfg = Debug|Any CPU
		{E28AC2D1-171D-4462-9509-E95BADA3B2AE}.Debug|Any CPU.Build.0 = Debug|Any CPU
		{E28AC2D1-171D-4462-9509-E95BADA3B2AE}.Release|Any CPU.ActiveCfg = Release|Any CPU
		{E28AC2D1-171D-4462-9509-E95BADA3B2AE}.Release|Any CPU.Build.0 = Release|Any CPU
		{2E2FE6F9-B85C-4F84-8217-7A5A8E4529D4}.Debug|Any CPU.ActiveCfg = Debug|Any CPU
		{2E2FE6F9-B85C-4F84-8217-7A5A8E4529D4}.Debug|Any CPU.Build.0 = Debug|Any CPU
		{2E2FE6F9-B85C-4F84-8217-7A5A8E4529D4}.Release|Any CPU.ActiveCfg = Release|Any CPU
		{2E2FE6F9-B85C-4F84-8217-7A5A8E4529D4}.Release|Any CPU.Build.0 = Release|Any CPU
		{653B10FA-28D6-431A-A047-811C47C4BC97}.Debug|Any CPU.ActiveCfg = Debug|Any CPU
		{653B10FA-28D6-431A-A047-811C47C4BC97}.Debug|Any CPU.Build.0 = Debug|Any CPU
		{653B10FA-28D6-431A-A047-811C47C4BC97}.Release|Any CPU.ActiveCfg = Release|Any CPU
		{653B10FA-28D6-431A-A047-811C47C4BC97}.Release|Any CPU.Build.0 = Release|Any CPU
		{E6AB6A59-B2C4-4E1A-AD78-BB29BDF6AD35}.Debug|Any CPU.ActiveCfg = Debug|Any CPU
		{E6AB6A59-B2C4-4E1A-AD78-BB29BDF6AD35}.Debug|Any CPU.Build.0 = Debug|Any CPU
		{E6AB6A59-B2C4-4E1A-AD78-BB29BDF6AD35}.Release|Any CPU.ActiveCfg = Release|Any CPU
		{E6AB6A59-B2C4-4E1A-AD78-BB29BDF6AD35}.Release|Any CPU.Build.0 = Release|Any CPU
		{96A529A0-45F8-4307-AFDC-8A9AA326BC67}.Debug|Any CPU.ActiveCfg = Debug|Any CPU
		{96A529A0-45F8-4307-AFDC-8A9AA326BC67}.Debug|Any CPU.Build.0 = Debug|Any CPU
		{96A529A0-45F8-4307-AFDC-8A9AA326BC67}.Release|Any CPU.ActiveCfg = Release|Any CPU
		{96A529A0-45F8-4307-AFDC-8A9AA326BC67}.Release|Any CPU.Build.0 = Release|Any CPU
		{604D762B-0173-489F-960C-AE03D72FBC86}.Debug|Any CPU.ActiveCfg = Debug|Any CPU
		{604D762B-0173-489F-960C-AE03D72FBC86}.Debug|Any CPU.Build.0 = Debug|Any CPU
		{604D762B-0173-489F-960C-AE03D72FBC86}.Release|Any CPU.ActiveCfg = Release|Any CPU
		{604D762B-0173-489F-960C-AE03D72FBC86}.Release|Any CPU.Build.0 = Release|Any CPU
		{80FC08FB-7633-48B3-9463-2AD8653E00E8}.Debug|Any CPU.ActiveCfg = Debug|Any CPU
		{80FC08FB-7633-48B3-9463-2AD8653E00E8}.Debug|Any CPU.Build.0 = Debug|Any CPU
		{80FC08FB-7633-48B3-9463-2AD8653E00E8}.Release|Any CPU.ActiveCfg = Release|Any CPU
		{80FC08FB-7633-48B3-9463-2AD8653E00E8}.Release|Any CPU.Build.0 = Release|Any CPU
		{26BCF9C1-DBA0-422F-A924-5765D0AA094C}.Debug|Any CPU.ActiveCfg = Debug|Any CPU
		{26BCF9C1-DBA0-422F-A924-5765D0AA094C}.Debug|Any CPU.Build.0 = Debug|Any CPU
		{26BCF9C1-DBA0-422F-A924-5765D0AA094C}.Release|Any CPU.ActiveCfg = Release|Any CPU
		{26BCF9C1-DBA0-422F-A924-5765D0AA094C}.Release|Any CPU.Build.0 = Release|Any CPU
		{9FAC6DE5-AE3C-4042-9199-48EAE0971FDF}.Debug|Any CPU.ActiveCfg = Debug|Any CPU
		{9FAC6DE5-AE3C-4042-9199-48EAE0971FDF}.Debug|Any CPU.Build.0 = Debug|Any CPU
		{9FAC6DE5-AE3C-4042-9199-48EAE0971FDF}.Release|Any CPU.ActiveCfg = Release|Any CPU
		{9FAC6DE5-AE3C-4042-9199-48EAE0971FDF}.Release|Any CPU.Build.0 = Release|Any CPU
		{69F02610-6930-4D02-8102-2C9A27EA0234}.Debug|Any CPU.ActiveCfg = Debug|Any CPU
		{69F02610-6930-4D02-8102-2C9A27EA0234}.Debug|Any CPU.Build.0 = Debug|Any CPU
		{69F02610-6930-4D02-8102-2C9A27EA0234}.Release|Any CPU.ActiveCfg = Release|Any CPU
		{69F02610-6930-4D02-8102-2C9A27EA0234}.Release|Any CPU.Build.0 = Release|Any CPU
		{2CCA098F-5FB5-4F74-8123-3012066AD01C}.Debug|Any CPU.ActiveCfg = Debug|Any CPU
		{2CCA098F-5FB5-4F74-8123-3012066AD01C}.Debug|Any CPU.Build.0 = Debug|Any CPU
		{2CCA098F-5FB5-4F74-8123-3012066AD01C}.Release|Any CPU.ActiveCfg = Release|Any CPU
		{2CCA098F-5FB5-4F74-8123-3012066AD01C}.Release|Any CPU.Build.0 = Release|Any CPU
		{51183138-3F58-4426-9298-06841CCB2B42}.Debug|Any CPU.ActiveCfg = Debug|Any CPU
		{51183138-3F58-4426-9298-06841CCB2B42}.Debug|Any CPU.Build.0 = Debug|Any CPU
		{51183138-3F58-4426-9298-06841CCB2B42}.Release|Any CPU.ActiveCfg = Release|Any CPU
		{51183138-3F58-4426-9298-06841CCB2B42}.Release|Any CPU.Build.0 = Release|Any CPU
		{9614C50C-AE69-40CD-88C7-D88885B48251}.Debug|Any CPU.ActiveCfg = Debug|Any CPU
		{9614C50C-AE69-40CD-88C7-D88885B48251}.Debug|Any CPU.Build.0 = Debug|Any CPU
		{9614C50C-AE69-40CD-88C7-D88885B48251}.Release|Any CPU.ActiveCfg = Release|Any CPU
		{9614C50C-AE69-40CD-88C7-D88885B48251}.Release|Any CPU.Build.0 = Release|Any CPU
	EndGlobalSection
	GlobalSection(SolutionProperties) = preSolution
		HideSolutionNode = FALSE
	EndGlobalSection
	GlobalSection(ExtensibilityGlobals) = postSolution
		SolutionGuid = {8852FAFD-CE38-4867-86E1-3B8BA53B4019}
	EndGlobalSection
EndGlobal
